
Microsoft Visual Studio Solution File, Format Version 12.00
# Visual Studio Version 17
VisualStudioVersion = 17.4.33213.308
MinimumVisualStudioVersion = 10.0.40219.1
Project("{9A19103F-16F7-4668-BE54-9A1E7A4F7556}") = "ComapnyEmployee", "ComapnyEmployee\ComapnyEmployee.csproj", "{EF2BEDCD-F84B-4C60-A6C2-27BF5A16737D}"
EndProject
Project("{2150E333-8FDC-42A3-9474-1A3956D46DE8}") = "Practice", "Practice", "{2D6A39F2-4F87-48AB-9A08-B473A5A9EA85}"
EndProject
Project("{9A19103F-16F7-4668-BE54-9A1E7A4F7556}") = "Delegate", "Delegate\Delegate\Delegate.csproj", "{D32399A4-E3E3-4016-BA13-7949D1C60FF4}"
EndProject
Project("{9A19103F-16F7-4668-BE54-9A1E7A4F7556}") = "Events", "Events\Events.csproj", "{6FBD9D86-A0E0-46EC-8D70-CA02B82A2380}"
EndProject
Project("{9A19103F-16F7-4668-BE54-9A1E7A4F7556}") = "Contracts", "Contracts\Contracts.csproj", "{A310E122-2F23-4BB5-BABC-E996A581F3E5}"
EndProject
Project("{9A19103F-16F7-4668-BE54-9A1E7A4F7556}") = "LoggerService", "LoggerService\LoggerService.csproj", "{898120FC-4ED0-4A20-BE4D-9986AA901FDD}"
EndProject
Project("{9A19103F-16F7-4668-BE54-9A1E7A4F7556}") = "Practice", "Practice\Practice.csproj", "{B08748B8-AED3-4985-A5E8-2A9D076A1C11}"
EndProject
Project("{2150E333-8FDC-42A3-9474-1A3956D46DE8}") = "CodeMazi", "CodeMazi", "{EABD707A-AC24-467C-B8A1-FFF4685A6BB6}"
EndProject
Project("{9A19103F-16F7-4668-BE54-9A1E7A4F7556}") = "Entities", "Entities\Entities.csproj", "{B8CBADFB-DE59-4C22-9A90-8DD76D14F506}"
EndProject
Project("{9A19103F-16F7-4668-BE54-9A1E7A4F7556}") = "Repository", "Repository\Repository.csproj", "{B705B30A-F4CD-41DE-94CF-E82628F864C2}"
EndProject
Project("{2150E333-8FDC-42A3-9474-1A3956D46DE8}") = "Domain Layer", "Domain Layer", "{AB7D2B34-4A47-4863-88DD-D842CE3A09E2}"
EndProject
Project("{2150E333-8FDC-42A3-9474-1A3956D46DE8}") = "Service Layer", "Service Layer", "{7C4A1458-2045-40B0-A958-268E51890E7D}"
EndProject
Project("{9A19103F-16F7-4668-BE54-9A1E7A4F7556}") = "Service.Contracts", "Service.Contracts\Service.Contracts.csproj", "{7F4030D8-6626-46A2-941E-403062F3722D}"
EndProject
Project("{9A19103F-16F7-4668-BE54-9A1E7A4F7556}") = "Services", "Services\Services.csproj", "{E0B088CE-38D2-4CFF-8F9D-FA617FFD7E1B}"
EndProject
Project("{2150E333-8FDC-42A3-9474-1A3956D46DE8}") = "Presentation Layer", "Presentation Layer", "{307E5657-4B53-4AC8-A4BD-3C2FE8C30AC8}"
EndProject
Project("{9A19103F-16F7-4668-BE54-9A1E7A4F7556}") = "CompanyEmployees.Presentation", "CompanyEmployees.Presentation\CompanyEmployees.Presentation.csproj", "{6F1D4044-296E-4D15-99D1-240E23FB3394}"
EndProject
Project("{2150E333-8FDC-42A3-9474-1A3956D46DE8}") = "Infrastructure", "Infrastructure", "{C18D0F81-183F-4E16-96F5-6C6EAA36DC26}"
EndProject
Project("{2150E333-8FDC-42A3-9474-1A3956D46DE8}") = "DTOs", "DTOs", "{EFAA9D6A-4B26-429D-9D1F-D289C4FA54CA}"
EndProject
Project("{FAE04EC0-301F-11D3-BF4B-00C04F79EFBC}") = "DataTransferObjects", "DataTransferObjects\DataTransferObjects.csproj", "{424993ED-7344-457A-9505-96098F6A2EE6}"
EndProject
Global
	GlobalSection(SolutionConfigurationPlatforms) = preSolution
		Debug|Any CPU = Debug|Any CPU
		Release|Any CPU = Release|Any CPU
	EndGlobalSection
	GlobalSection(ProjectConfigurationPlatforms) = postSolution
		{EF2BEDCD-F84B-4C60-A6C2-27BF5A16737D}.Debug|Any CPU.ActiveCfg = Debug|Any CPU
		{EF2BEDCD-F84B-4C60-A6C2-27BF5A16737D}.Debug|Any CPU.Build.0 = Debug|Any CPU
		{EF2BEDCD-F84B-4C60-A6C2-27BF5A16737D}.Release|Any CPU.ActiveCfg = Release|Any CPU
		{EF2BEDCD-F84B-4C60-A6C2-27BF5A16737D}.Release|Any CPU.Build.0 = Release|Any CPU
		{D32399A4-E3E3-4016-BA13-7949D1C60FF4}.Debug|Any CPU.ActiveCfg = Debug|Any CPU
		{D32399A4-E3E3-4016-BA13-7949D1C60FF4}.Debug|Any CPU.Build.0 = Debug|Any CPU
		{D32399A4-E3E3-4016-BA13-7949D1C60FF4}.Release|Any CPU.ActiveCfg = Release|Any CPU
		{D32399A4-E3E3-4016-BA13-7949D1C60FF4}.Release|Any CPU.Build.0 = Release|Any CPU
		{6FBD9D86-A0E0-46EC-8D70-CA02B82A2380}.Debug|Any CPU.ActiveCfg = Debug|Any CPU
		{6FBD9D86-A0E0-46EC-8D70-CA02B82A2380}.Debug|Any CPU.Build.0 = Debug|Any CPU
		{6FBD9D86-A0E0-46EC-8D70-CA02B82A2380}.Release|Any CPU.ActiveCfg = Release|Any CPU
		{6FBD9D86-A0E0-46EC-8D70-CA02B82A2380}.Release|Any CPU.Build.0 = Release|Any CPU
		{A310E122-2F23-4BB5-BABC-E996A581F3E5}.Debug|Any CPU.ActiveCfg = Debug|Any CPU
		{A310E122-2F23-4BB5-BABC-E996A581F3E5}.Debug|Any CPU.Build.0 = Debug|Any CPU
		{A310E122-2F23-4BB5-BABC-E996A581F3E5}.Release|Any CPU.ActiveCfg = Release|Any CPU
		{A310E122-2F23-4BB5-BABC-E996A581F3E5}.Release|Any CPU.Build.0 = Release|Any CPU
		{898120FC-4ED0-4A20-BE4D-9986AA901FDD}.Debug|Any CPU.ActiveCfg = Debug|Any CPU
		{898120FC-4ED0-4A20-BE4D-9986AA901FDD}.Debug|Any CPU.Build.0 = Debug|Any CPU
		{898120FC-4ED0-4A20-BE4D-9986AA901FDD}.Release|Any CPU.ActiveCfg = Release|Any CPU
		{898120FC-4ED0-4A20-BE4D-9986AA901FDD}.Release|Any CPU.Build.0 = Release|Any CPU
		{B08748B8-AED3-4985-A5E8-2A9D076A1C11}.Debug|Any CPU.ActiveCfg = Debug|Any CPU
		{B08748B8-AED3-4985-A5E8-2A9D076A1C11}.Debug|Any CPU.Build.0 = Debug|Any CPU
		{B08748B8-AED3-4985-A5E8-2A9D076A1C11}.Release|Any CPU.ActiveCfg = Release|Any CPU
		{B08748B8-AED3-4985-A5E8-2A9D076A1C11}.Release|Any CPU.Build.0 = Release|Any CPU
		{B8CBADFB-DE59-4C22-9A90-8DD76D14F506}.Debug|Any CPU.ActiveCfg = Debug|Any CPU
		{B8CBADFB-DE59-4C22-9A90-8DD76D14F506}.Debug|Any CPU.Build.0 = Debug|Any CPU
		{B8CBADFB-DE59-4C22-9A90-8DD76D14F506}.Release|Any CPU.ActiveCfg = Release|Any CPU
		{B8CBADFB-DE59-4C22-9A90-8DD76D14F506}.Release|Any CPU.Build.0 = Release|Any CPU
		{B705B30A-F4CD-41DE-94CF-E82628F864C2}.Debug|Any CPU.ActiveCfg = Debug|Any CPU
		{B705B30A-F4CD-41DE-94CF-E82628F864C2}.Debug|Any CPU.Build.0 = Debug|Any CPU
		{B705B30A-F4CD-41DE-94CF-E82628F864C2}.Release|Any CPU.ActiveCfg = Release|Any CPU
		{B705B30A-F4CD-41DE-94CF-E82628F864C2}.Release|Any CPU.Build.0 = Release|Any CPU
		{7F4030D8-6626-46A2-941E-403062F3722D}.Debug|Any CPU.ActiveCfg = Debug|Any CPU
		{7F4030D8-6626-46A2-941E-403062F3722D}.Debug|Any CPU.Build.0 = Debug|Any CPU
		{7F4030D8-6626-46A2-941E-403062F3722D}.Release|Any CPU.ActiveCfg = Release|Any CPU
		{7F4030D8-6626-46A2-941E-403062F3722D}.Release|Any CPU.Build.0 = Release|Any CPU
		{E0B088CE-38D2-4CFF-8F9D-FA617FFD7E1B}.Debug|Any CPU.ActiveCfg = Debug|Any CPU
		{E0B088CE-38D2-4CFF-8F9D-FA617FFD7E1B}.Debug|Any CPU.Build.0 = Debug|Any CPU
		{E0B088CE-38D2-4CFF-8F9D-FA617FFD7E1B}.Release|Any CPU.ActiveCfg = Release|Any CPU
		{E0B088CE-38D2-4CFF-8F9D-FA617FFD7E1B}.Release|Any CPU.Build.0 = Release|Any CPU
		{6F1D4044-296E-4D15-99D1-240E23FB3394}.Debug|Any CPU.ActiveCfg = Debug|Any CPU
		{6F1D4044-296E-4D15-99D1-240E23FB3394}.Debug|Any CPU.Build.0 = Debug|Any CPU
		{6F1D4044-296E-4D15-99D1-240E23FB3394}.Release|Any CPU.ActiveCfg = Release|Any CPU
		{6F1D4044-296E-4D15-99D1-240E23FB3394}.Release|Any CPU.Build.0 = Release|Any CPU
		{424993ED-7344-457A-9505-96098F6A2EE6}.Debug|Any CPU.ActiveCfg = Debug|Any CPU
		{424993ED-7344-457A-9505-96098F6A2EE6}.Debug|Any CPU.Build.0 = Debug|Any CPU
		{424993ED-7344-457A-9505-96098F6A2EE6}.Release|Any CPU.ActiveCfg = Release|Any CPU
		{424993ED-7344-457A-9505-96098F6A2EE6}.Release|Any CPU.Build.0 = Release|Any CPU
	EndGlobalSection
	GlobalSection(SolutionProperties) = preSolution
		HideSolutionNode = FALSE
	EndGlobalSection
	GlobalSection(NestedProjects) = preSolution
		{EF2BEDCD-F84B-4C60-A6C2-27BF5A16737D} = {EABD707A-AC24-467C-B8A1-FFF4685A6BB6}
		{D32399A4-E3E3-4016-BA13-7949D1C60FF4} = {2D6A39F2-4F87-48AB-9A08-B473A5A9EA85}
		{6FBD9D86-A0E0-46EC-8D70-CA02B82A2380} = {2D6A39F2-4F87-48AB-9A08-B473A5A9EA85}
		{A310E122-2F23-4BB5-BABC-E996A581F3E5} = {AB7D2B34-4A47-4863-88DD-D842CE3A09E2}
		{898120FC-4ED0-4A20-BE4D-9986AA901FDD} = {EABD707A-AC24-467C-B8A1-FFF4685A6BB6}
		{B08748B8-AED3-4985-A5E8-2A9D076A1C11} = {2D6A39F2-4F87-48AB-9A08-B473A5A9EA85}
		{B8CBADFB-DE59-4C22-9A90-8DD76D14F506} = {AB7D2B34-4A47-4863-88DD-D842CE3A09E2}
		{B705B30A-F4CD-41DE-94CF-E82628F864C2} = {C18D0F81-183F-4E16-96F5-6C6EAA36DC26}
		{AB7D2B34-4A47-4863-88DD-D842CE3A09E2} = {EABD707A-AC24-467C-B8A1-FFF4685A6BB6}
		{7C4A1458-2045-40B0-A958-268E51890E7D} = {EABD707A-AC24-467C-B8A1-FFF4685A6BB6}
		{7F4030D8-6626-46A2-941E-403062F3722D} = {7C4A1458-2045-40B0-A958-268E51890E7D}
		{E0B088CE-38D2-4CFF-8F9D-FA617FFD7E1B} = {7C4A1458-2045-40B0-A958-268E51890E7D}
		{307E5657-4B53-4AC8-A4BD-3C2FE8C30AC8} = {EABD707A-AC24-467C-B8A1-FFF4685A6BB6}
		{6F1D4044-296E-4D15-99D1-240E23FB3394} = {307E5657-4B53-4AC8-A4BD-3C2FE8C30AC8}
		{C18D0F81-183F-4E16-96F5-6C6EAA36DC26} = {EABD707A-AC24-467C-B8A1-FFF4685A6BB6}
		{EFAA9D6A-4B26-429D-9D1F-D289C4FA54CA} = {EABD707A-AC24-467C-B8A1-FFF4685A6BB6}
		{424993ED-7344-457A-9505-96098F6A2EE6} = {EFAA9D6A-4B26-429D-9D1F-D289C4FA54CA}
	EndGlobalSection
	GlobalSection(ExtensibilityGlobals) = postSolution
		SolutionGuid = {459793DA-90D2-4C26-8383-76CA0A4F5AF5}
	EndGlobalSection
EndGlobal
